
Microsoft Visual Studio Solution File, Format Version 9.00
# Visual Studio 2005
Project("{8BC9CEB8-8B4A-11D0-8D11-00A0C91BC942}") = "stackdump", "stackdump\stackdump.vcproj", "{6FBE18E5-9E3F-470F-8D45-782105C154B4}"
EndProject
Project("{8BC9CEB8-8B4A-11D0-8D11-00A0C91BC942}") = "CallLuaFunc", "CallLuaFunc\CallLuaFunc.vcproj", "{2A12BE7B-52D5-4B9E-B4CA-7ADD17F42C09}"
EndProject
Project("{8BC9CEB8-8B4A-11D0-8D11-00A0C91BC942}") = "CFuncDLL", "CFuncDLL\CFuncDLL.vcproj", "{259A33D4-CEEA-4F72-8D3E-BEC74271236C}"
EndProject
Project("{8BC9CEB8-8B4A-11D0-8D11-00A0C91BC942}") = "luatable", "luatable\luatable.vcproj", "{34F7396D-DD53-43B7-8B36-AEA9EFB4644E}"
EndProject
Project("{8BC9CEB8-8B4A-11D0-8D11-00A0C91BC942}") = "luatable2", "luatable2\luatable2.vcproj", "{566FAE2F-70E1-45E6-AA27-67F8A7DE62C0}"
EndProject
Project("{8BC9CEB8-8B4A-11D0-8D11-00A0C91BC942}") = "luatable3", "luatable3\luatable3.vcproj", "{8EA25408-F727-4A99-9142-799195A94F03}"
EndProject
Project("{8BC9CEB8-8B4A-11D0-8D11-00A0C91BC942}") = "overloading", "lua2c_overloading\overloading.vcproj", "{4F93C3DF-E15A-49E4-AB2A-01D9BCDB3E45}"
	ProjectSection(ProjectDependencies) = postProject
		{03D9D4D1-0944-4605-8765-DA0A6D7AA347} = {03D9D4D1-0944-4605-8765-DA0A6D7AA347}
	EndProjectSection
EndProject
Project("{8BC9CEB8-8B4A-11D0-8D11-00A0C91BC942}") = "lib", "..\lib\lib.vcproj", "{03D9D4D1-0944-4605-8765-DA0A6D7AA347}"
EndProject
Global
	GlobalSection(SolutionConfigurationPlatforms) = preSolution
		Debug|Win32 = Debug|Win32
		Release|Win32 = Release|Win32
	EndGlobalSection
	GlobalSection(ProjectConfigurationPlatforms) = postSolution
		{6FBE18E5-9E3F-470F-8D45-782105C154B4}.Debug|Win32.ActiveCfg = Debug|Win32
		{6FBE18E5-9E3F-470F-8D45-782105C154B4}.Debug|Win32.Build.0 = Debug|Win32
		{6FBE18E5-9E3F-470F-8D45-782105C154B4}.Release|Win32.ActiveCfg = Release|Win32
		{6FBE18E5-9E3F-470F-8D45-782105C154B4}.Release|Win32.Build.0 = Release|Win32
		{2A12BE7B-52D5-4B9E-B4CA-7ADD17F42C09}.Debug|Win32.ActiveCfg = Debug|Win32
		{2A12BE7B-52D5-4B9E-B4CA-7ADD17F42C09}.Debug|Win32.Build.0 = Debug|Win32
		{2A12BE7B-52D5-4B9E-B4CA-7ADD17F42C09}.Release|Win32.ActiveCfg = Release|Win32
		{2A12BE7B-52D5-4B9E-B4CA-7ADD17F42C09}.Release|Win32.Build.0 = Release|Win32
		{259A33D4-CEEA-4F72-8D3E-BEC74271236C}.Debug|Win32.ActiveCfg = Debug|Win32
		{259A33D4-CEEA-4F72-8D3E-BEC74271236C}.Debug|Win32.Build.0 = Debug|Win32
		{259A33D4-CEEA-4F72-8D3E-BEC74271236C}.Release|Win32.ActiveCfg = Release|Win32
		{259A33D4-CEEA-4F72-8D3E-BEC74271236C}.Release|Win32.Build.0 = Release|Win32
		{34F7396D-DD53-43B7-8B36-AEA9EFB4644E}.Debug|Win32.ActiveCfg = Debug|Win32
		{34F7396D-DD53-43B7-8B36-AEA9EFB4644E}.Debug|Win32.Build.0 = Debug|Win32
		{34F7396D-DD53-43B7-8B36-AEA9EFB4644E}.Release|Win32.ActiveCfg = Release|Win32
		{34F7396D-DD53-43B7-8B36-AEA9EFB4644E}.Release|Win32.Build.0 = Release|Win32
		{566FAE2F-70E1-45E6-AA27-67F8A7DE62C0}.Debug|Win32.ActiveCfg = Debug|Win32
		{566FAE2F-70E1-45E6-AA27-67F8A7DE62C0}.Debug|Win32.Build.0 = Debug|Win32
		{566FAE2F-70E1-45E6-AA27-67F8A7DE62C0}.Release|Win32.ActiveCfg = Release|Win32
		{566FAE2F-70E1-45E6-AA27-67F8A7DE62C0}.Release|Win32.Build.0 = Release|Win32
		{8EA25408-F727-4A99-9142-799195A94F03}.Debug|Win32.ActiveCfg = Debug|Win32
		{8EA25408-F727-4A99-9142-799195A94F03}.Debug|Win32.Build.0 = Debug|Win32
		{8EA25408-F727-4A99-9142-799195A94F03}.Release|Win32.ActiveCfg = Release|Win32
		{8EA25408-F727-4A99-9142-799195A94F03}.Release|Win32.Build.0 = Release|Win32
		{4F93C3DF-E15A-49E4-AB2A-01D9BCDB3E45}.Debug|Win32.ActiveCfg = Debug|Win32
		{4F93C3DF-E15A-49E4-AB2A-01D9BCDB3E45}.Debug|Win32.Build.0 = Debug|Win32
		{4F93C3DF-E15A-49E4-AB2A-01D9BCDB3E45}.Release|Win32.ActiveCfg = Release|Win32
		{4F93C3DF-E15A-49E4-AB2A-01D9BCDB3E45}.Release|Win32.Build.0 = Release|Win32
		{03D9D4D1-0944-4605-8765-DA0A6D7AA347}.Debug|Win32.ActiveCfg = Debug|Win32
		{03D9D4D1-0944-4605-8765-DA0A6D7AA347}.Debug|Win32.Build.0 = Debug|Win32
		{03D9D4D1-0944-4605-8765-DA0A6D7AA347}.Release|Win32.ActiveCfg = Release|Win32
		{03D9D4D1-0944-4605-8765-DA0A6D7AA347}.Release|Win32.Build.0 = Release|Win32
	EndGlobalSection
	GlobalSection(SolutionProperties) = preSolution
		HideSolutionNode = FALSE
	EndGlobalSection
EndGlobal
